
Microsoft Visual Studio Solution File, Format Version 12.00
# Visual Studio Version 17
VisualStudioVersion = 17.11.35327.3
MinimumVisualStudioVersion = 10.0.40219.1
Project("{8BC9CEB8-8B4A-11D0-8D11-00A0C91BC942}") = "1009_Project", "1009_Project.vcxproj", "{208E252E-4E6A-46E4-B25D-3BFC9F28BC2A}"
EndProject
Global
	GlobalSection(SolutionConfigurationPlatforms) = preSolution
		Debug|x64 = Debug|x64
		Debug|x86 = Debug|x86
		Release|x64 = Release|x64
		Release|x86 = Release|x86
	EndGlobalSection
	GlobalSection(ProjectConfigurationPlatforms) = postSolution
		{208E252E-4E6A-46E4-B25D-3BFC9F28BC2A}.Debug|x64.ActiveCfg = Debug|x64
		{208E252E-4E6A-46E4-B25D-3BFC9F28BC2A}.Debug|x64.Build.0 = Debug|x64
		{208E252E-4E6A-46E4-B25D-3BFC9F28BC2A}.Debug|x86.ActiveCfg = Debug|Win32
		{208E252E-4E6A-46E4-B25D-3BFC9F28BC2A}.Debug|x86.Build.0 = Debug|Win32
		{208E252E-4E6A-46E4-B25D-3BFC9F28BC2A}.Release|x64.ActiveCfg = Release|x64
		{208E252E-4E6A-46E4-B25D-3BFC9F28BC2A}.Release|x64.Build.0 = Release|x64
		{208E252E-4E6A-46E4-B25D-3BFC9F28BC2A}.Release|x86.ActiveCfg = Release|Win32
		{208E252E-4E6A-46E4-B25D-3BFC9F28BC2A}.Release|x86.Build.0 = Release|Win32
	EndGlobalSection
	GlobalSection(SolutionProperties) = preSolution
		HideSolutionNode = FALSE
	EndGlobalSection
	GlobalSection(ExtensibilityGlobals) = postSolution
		SolutionGuid = {E569C27B-7EC0-4253-9E2F-621C132970A6}
	EndGlobalSection
EndGlobal
